
Microsoft Visual Studio Solution File, Format Version 12.00
# Visual Studio Version 17
VisualStudioVersion = 17.0.32126.317
MinimumVisualStudioVersion = 10.0.40219.1
Project("{FAE04EC0-301F-11D3-BF4B-00C04F79EFBC}") = "laba2_selector", "laba2_selector.csproj", "{070DF8BC-A98D-4E37-9CA9-410147636083}"
EndProject
Global
	GlobalSection(SolutionConfigurationPlatforms) = preSolution
		Debug|Any CPU = Debug|Any CPU
		Release|Any CPU = Release|Any CPU
	EndGlobalSection
	GlobalSection(ProjectConfigurationPlatforms) = postSolution
		{070DF8BC-A98D-4E37-9CA9-410147636083}.Debug|Any CPU.ActiveCfg = Debug|Any CPU
		{070DF8BC-A98D-4E37-9CA9-410147636083}.Debug|Any CPU.Build.0 = Debug|Any CPU
		{070DF8BC-A98D-4E37-9CA9-410147636083}.Release|Any CPU.ActiveCfg = Release|Any CPU
		{070DF8BC-A98D-4E37-9CA9-410147636083}.Release|Any CPU.Build.0 = Release|Any CPU
	EndGlobalSection
	GlobalSection(SolutionProperties) = preSolution
		HideSolutionNode = FALSE
	EndGlobalSection
	GlobalSection(ExtensibilityGlobals) = postSolution
		SolutionGuid = {78787CD9-3A1E-4D7E-ABE5-B37A51965DDF}
	EndGlobalSection
EndGlobal
